
Microsoft Visual Studio Solution File, Format Version 12.00
Project("{FAE04EC0-301F-11D3-BF4B-00C04F79EFBC}") = "Wcomas", "Wcomas\Wcomas.csproj", "{9786DAE2-67B0-48EF-A9FF-60DCBD83CDB9}"
EndProject
Global
	GlobalSection(SolutionConfigurationPlatforms) = preSolution
		Debug|Any CPU = Debug|Any CPU
		Release|Any CPU = Release|Any CPU
	EndGlobalSection
	GlobalSection(ProjectConfigurationPlatforms) = postSolution
		{9786DAE2-67B0-48EF-A9FF-60DCBD83CDB9}.Debug|Any CPU.ActiveCfg = Debug|Any CPU
		{9786DAE2-67B0-48EF-A9FF-60DCBD83CDB9}.Debug|Any CPU.Build.0 = Debug|Any CPU
		{9786DAE2-67B0-48EF-A9FF-60DCBD83CDB9}.Release|Any CPU.ActiveCfg = Release|Any CPU
		{9786DAE2-67B0-48EF-A9FF-60DCBD83CDB9}.Release|Any CPU.Build.0 = Release|Any CPU
	EndGlobalSection
EndGlobal
